<?xml version="1.0" encoding="utf-8"?>
<Project ToolsVersion="4.0" xmlns="http://schemas.microsoft.com/developer/msbuild/2003">
  <ItemGroup>
    <Filter Include="Source Files">
      <UniqueIdentifier>{4FC737F1-C7A5-4376-A066-2A32D752A2FF}</UniqueIdentifier>
      <Extensions>cpp;c;cc;cxx;def;odl;idl;hpj;bat;asm;asmx</Extensions>
    </Filter>
    <Filter Include="Header Files">
      <UniqueIdentifier>{93995380-89BD-4b04-88EB-625FBE52EBFB}</UniqueIdentifier>
      <Extensions>h;hh;hpp;hxx;hm;inl;inc;xsd</Extensions>
    </Filter>
    <Filter Include="Resource Files">
      <UniqueIdentifier>{67DA6AB6-F800-4c08-8B7A-83BB121AAD01}</UniqueIdentifier>
      <Extensions>rc;ico;cur;bmp;dlg;rc2;rct;bin;rgs;gif;jpg;jpeg;jpe;resx;tiff;tif;png;wav;mfcribbon-ms</Extensions>
    </Filter>
    <Filter Include="Header Files\Applications">
      <UniqueIdentifier>{346ad11a-95ad-43b1-879b-6f05b5105358}</UniqueIdentifier>
    </Filter>
    <Filter Include="Source Files\Applications">
      <UniqueIdentifier>{f9327a9e-f2b1-41cf-b169-2d0c15e5aa23}</UniqueIdentifier>
    </Filter>
    <Filter Include="Header Files\Configuration">
      <UniqueIdentifier>{217effd1-de13-4db7-81fa-69d6b3d3c6e2}</UniqueIdentifier>
    </Filter>
    <Filter Include="Source Files\Configuration">
      <UniqueIdentifier>{af9772fb-742a-4424-8318-c5f6e0492063}</UniqueIdentifier>
    </Filter>
    <Filter Include="Header Files\Requests">
      <UniqueIdentifier>{21e66046-4012-40c9-8255-1bce4c64d7d0}</UniqueIdentifier>
    </Filter>
    <Filter Include="Source Files\Requests">
      <UniqueIdentifier>{0bfb5f5b-431a-43c0-98e8-773331281af1}</UniqueIdentifier>
    </Filter>
  </ItemGroup>
  <ItemGroup>
    <ClCompile Include="HostedWebCore.cpp">
      <Filter>Source Files</Filter>
    </ClCompile>
    <ClCompile Include="NativeHostedWebCore.cpp">
      <Filter>Source Files</Filter>
    </ClCompile>
    <ClCompile Include="HttpServer.cpp">
      <Filter>Source Files</Filter>
    </ClCompile>
    <ClCompile Include="IISTestApplicationManager.cpp">
      <Filter>Source Files\Applications</Filter>
    </ClCompile>
    <ClCompile Include="HostedWebCoreConfigProvider.cpp">
      <Filter>Source Files\Configuration</Filter>
    </ClCompile>
    <ClCompile Include="IISEnvironmentInfo.cpp">
      <Filter>Source Files\Applications</Filter>
    </ClCompile>
    <ClCompile Include="HostedWebCoreSetup.cpp">
      <Filter>Source Files</Filter>
    </ClCompile>
    <ClCompile Include="IISLiveTest.cpp">
      <Filter>Source Files</Filter>
    </ClCompile>
    <ClCompile Include="IISRequestManager.cpp">
      <Filter>Source Files\Requests</Filter>
    </ClCompile>
  </ItemGroup>
  <ItemGroup>
    <ClInclude Include="NativeHostedWebCore.h">
      <Filter>Header Files</Filter>
    </ClInclude>
    <ClInclude Include="HostedWebCore.h">
      <Filter>Header Files</Filter>
    </ClInclude>
    <ClInclude Include="HttpServer.h">
      <Filter>Header Files</Filter>
    </ClInclude>
    <ClInclude Include="IISTestApplicationManager.h">
      <Filter>Header Files\Applications</Filter>
    </ClInclude>
    <ClInclude Include="HostedWebCoreConfigProvider.h">
      <Filter>Header Files\Configuration</Filter>
    </ClInclude>
    <ClInclude Include="IISEnvironmentInfo.h">
      <Filter>Header Files\Applications</Filter>
    </ClInclude>
    <ClInclude Include="HostedWebCoreSetup.h">
      <Filter>Header Files</Filter>
    </ClInclude>
    <ClInclude Include="IISLiveTest.h">
      <Filter>Header Files</Filter>
    </ClInclude>
    <ClInclude Include="IISRequestManager.h">
      <Filter>Header Files\Requests</Filter>
    </ClInclude>
  </ItemGroup>
  <ItemGroup>
    <None Include="Exports.def">
      <Filter>Source Files</Filter>
    </None>
  </ItemGroup>
</Project>